{
  "name": "shop",
  "version": "1.0.0",
  "lockfileVersion": 1,
  "requires": true,
  "dependencies": {
    "@dw/wx-cropper": {
      "version": "1.0.6",
      "resolved": "https://registry.npm.taobao.org/@dw/wx-cropper/download/@dw/wx-cropper-1.0.6.tgz",
      "integrity": "sha1-Geft7HrtG6QPZyRVKbOcNGiKaSI="
    }
  }
}
